
Microsoft Visual Studio Solution File, Format Version 12.00
# Visual Studio 2013
VisualStudioVersion = 12.0.30723.0
MinimumVisualStudioVersion = 10.0.40219.1
Project("{FAE04EC0-301F-11D3-BF4B-00C04F79EFBC}") = "ExceptionHandling", "ExceptionHandling\ExceptionHandling.csproj", "{234389C2-5E44-46C3-9E8B-B6B067F8197F}"
EndProject
Project("{FAE04EC0-301F-11D3-BF4B-00C04F79EFBC}") = "EnterNumbers", "EnterNumbers\EnterNumbers.csproj", "{3329C431-876F-4761-9B6E-E91DD84DB9B0}"
EndProject
Global
	GlobalSection(SolutionConfigurationPlatforms) = preSolution
		Debug|Any CPU = Debug|Any CPU
		Release|Any CPU = Release|Any CPU
	EndGlobalSection
	GlobalSection(ProjectConfigurationPlatforms) = postSolution
		{234389C2-5E44-46C3-9E8B-B6B067F8197F}.Debug|Any CPU.ActiveCfg = Debug|Any CPU
		{234389C2-5E44-46C3-9E8B-B6B067F8197F}.Debug|Any CPU.Build.0 = Debug|Any CPU
		{234389C2-5E44-46C3-9E8B-B6B067F8197F}.Release|Any CPU.ActiveCfg = Release|Any CPU
		{234389C2-5E44-46C3-9E8B-B6B067F8197F}.Release|Any CPU.Build.0 = Release|Any CPU
		{3329C431-876F-4761-9B6E-E91DD84DB9B0}.Debug|Any CPU.ActiveCfg = Debug|Any CPU
		{3329C431-876F-4761-9B6E-E91DD84DB9B0}.Debug|Any CPU.Build.0 = Debug|Any CPU
		{3329C431-876F-4761-9B6E-E91DD84DB9B0}.Release|Any CPU.ActiveCfg = Release|Any CPU
		{3329C431-876F-4761-9B6E-E91DD84DB9B0}.Release|Any CPU.Build.0 = Release|Any CPU
	EndGlobalSection
	GlobalSection(SolutionProperties) = preSolution
		HideSolutionNode = FALSE
	EndGlobalSection
EndGlobal
